
Microsoft Visual Studio Solution File, Format Version 12.00
# Visual Studio 14
VisualStudioVersion = 14.0.25420.1
MinimumVisualStudioVersion = 10.0.40219.1
Project("{FAE04EC0-301F-11D3-BF4B-00C04F79EFBC}") = "Ilitera.Net", "Ilitera.Net.csproj", "{476857C7-A83C-4A5A-9BBC-DF07DFA58723}"
	ProjectSection(ProjectDependencies) = postProject
		{831C0A0B-CB41-41EB-B508-E50D8B095787} = {831C0A0B-CB41-41EB-B508-E50D8B095787}
		{B732AA0B-4810-49FA-AC8F-F70F987939A3} = {B732AA0B-4810-49FA-AC8F-F70F987939A3}
		{A9BF4411-1F6C-4776-87E5-B57695F0A57F} = {A9BF4411-1F6C-4776-87E5-B57695F0A57F}
		{E52A821D-D59D-4D4C-BFF7-D35F50D05B3A} = {E52A821D-D59D-4D4C-BFF7-D35F50D05B3A}
		{1AB7FB28-770B-4819-A354-785882B01332} = {1AB7FB28-770B-4819-A354-785882B01332}
		{CD6E7529-FDDA-4BEC-9219-6C75FC078BEF} = {CD6E7529-FDDA-4BEC-9219-6C75FC078BEF}
		{7C453D2C-00BB-4CDC-9A34-3E4F52A66E13} = {7C453D2C-00BB-4CDC-9A34-3E4F52A66E13}
		{BF1B4F3D-4583-4F4B-8341-CE20319FC5A0} = {BF1B4F3D-4583-4F4B-8341-CE20319FC5A0}
		{147DB043-FA09-4CB4-A56E-289AD9168FD4} = {147DB043-FA09-4CB4-A56E-289AD9168FD4}
		{6ECD4668-72EB-418A-BD0D-77401EC1F950} = {6ECD4668-72EB-418A-BD0D-77401EC1F950}
		{DDD39289-1377-486B-8AA3-122884700431} = {DDD39289-1377-486B-8AA3-122884700431}
		{3255FC8F-09FE-4515-A610-E46C7B024B57} = {3255FC8F-09FE-4515-A610-E46C7B024B57}
		{85BEE3B0-F17E-446C-A297-C7216DADD8F7} = {85BEE3B0-F17E-446C-A297-C7216DADD8F7}
		{0225D2B9-4E1C-47DE-9C74-CB98C4C7125C} = {0225D2B9-4E1C-47DE-9C74-CB98C4C7125C}
		{FEA4E9D9-6182-46BC-B6CE-9AAC09B63E1F} = {FEA4E9D9-6182-46BC-B6CE-9AAC09B63E1F}
		{BA25CFEB-81EE-4330-B50E-AB366DCFAEB3} = {BA25CFEB-81EE-4330-B50E-AB366DCFAEB3}
		{6EF4B4EC-69D3-4F21-8934-F23F34A52533} = {6EF4B4EC-69D3-4F21-8934-F23F34A52533}
	EndProjectSection
EndProject
Project("{FAE04EC0-301F-11D3-BF4B-00C04F79EFBC}") = "Ilitera.VasoCaldeira.Report", "Ilitera.VasoCaldeira.Report\Ilitera.VasoCaldeira.Report.csproj", "{BF1B4F3D-4583-4F4B-8341-CE20319FC5A0}"
	ProjectSection(ProjectDependencies) = postProject
		{7C453D2C-00BB-4CDC-9A34-3E4F52A66E13} = {7C453D2C-00BB-4CDC-9A34-3E4F52A66E13}
		{DDD39289-1377-486B-8AA3-122884700431} = {DDD39289-1377-486B-8AA3-122884700431}
		{6EF4B4EC-69D3-4F21-8934-F23F34A52533} = {6EF4B4EC-69D3-4F21-8934-F23F34A52533}
	EndProjectSection
EndProject
Project("{FAE04EC0-301F-11D3-BF4B-00C04F79EFBC}") = "Ilitera.Sied.Report", "Ilitera.Sied.Report\Ilitera.Sied.Report.csproj", "{FEA4E9D9-6182-46BC-B6CE-9AAC09B63E1F}"
	ProjectSection(ProjectDependencies) = postProject
		{7C453D2C-00BB-4CDC-9A34-3E4F52A66E13} = {7C453D2C-00BB-4CDC-9A34-3E4F52A66E13}
		{DDD39289-1377-486B-8AA3-122884700431} = {DDD39289-1377-486B-8AA3-122884700431}
		{6EF4B4EC-69D3-4F21-8934-F23F34A52533} = {6EF4B4EC-69D3-4F21-8934-F23F34A52533}
	EndProjectSection
EndProject
Project("{FAE04EC0-301F-11D3-BF4B-00C04F79EFBC}") = "Ilitera.PCMSO.Report", "Ilitera.PCMSO.Report\Ilitera.PCMSO.Report.csproj", "{147DB043-FA09-4CB4-A56E-289AD9168FD4}"
	ProjectSection(ProjectDependencies) = postProject
		{7C453D2C-00BB-4CDC-9A34-3E4F52A66E13} = {7C453D2C-00BB-4CDC-9A34-3E4F52A66E13}
		{DDD39289-1377-486B-8AA3-122884700431} = {DDD39289-1377-486B-8AA3-122884700431}
		{6EF4B4EC-69D3-4F21-8934-F23F34A52533} = {6EF4B4EC-69D3-4F21-8934-F23F34A52533}
	EndProjectSection
EndProject
Project("{FAE04EC0-301F-11D3-BF4B-00C04F79EFBC}") = "Ilitera.OrdemServico.Report", "Ilitera.OrdemServico.Report\Ilitera.OrdemServico.Report.csproj", "{3255FC8F-09FE-4515-A610-E46C7B024B57}"
	ProjectSection(ProjectDependencies) = postProject
		{7C453D2C-00BB-4CDC-9A34-3E4F52A66E13} = {7C453D2C-00BB-4CDC-9A34-3E4F52A66E13}
		{DDD39289-1377-486B-8AA3-122884700431} = {DDD39289-1377-486B-8AA3-122884700431}
		{6EF4B4EC-69D3-4F21-8934-F23F34A52533} = {6EF4B4EC-69D3-4F21-8934-F23F34A52533}
	EndProjectSection
EndProject
Project("{FAE04EC0-301F-11D3-BF4B-00C04F79EFBC}") = "Ilitera.Opsa.Report", "Ilitera.Opsa.Report\Ilitera.Opsa.Report.csproj", "{CD6E7529-FDDA-4BEC-9219-6C75FC078BEF}"
	ProjectSection(ProjectDependencies) = postProject
		{7C453D2C-00BB-4CDC-9A34-3E4F52A66E13} = {7C453D2C-00BB-4CDC-9A34-3E4F52A66E13}
		{DDD39289-1377-486B-8AA3-122884700431} = {DDD39289-1377-486B-8AA3-122884700431}
		{941534C1-D9DF-4B77-845C-ED091078847F} = {941534C1-D9DF-4B77-845C-ED091078847F}
		{6EF4B4EC-69D3-4F21-8934-F23F34A52533} = {6EF4B4EC-69D3-4F21-8934-F23F34A52533}
	EndProjectSection
EndProject
Project("{FAE04EC0-301F-11D3-BF4B-00C04F79EFBC}") = "Ilitera.Opsa.Data", "Ilitera.Opsa.Data\Ilitera.Opsa.Data.csproj", "{7C453D2C-00BB-4CDC-9A34-3E4F52A66E13}"
	ProjectSection(ProjectDependencies) = postProject
		{DDD39289-1377-486B-8AA3-122884700431} = {DDD39289-1377-486B-8AA3-122884700431}
		{6EF4B4EC-69D3-4F21-8934-F23F34A52533} = {6EF4B4EC-69D3-4F21-8934-F23F34A52533}
	EndProjectSection
EndProject
Project("{FAE04EC0-301F-11D3-BF4B-00C04F79EFBC}") = "Ilitera.Marshall.Data", "Ilitera.Marshall.Data\Ilitera.Marshall.Data.csproj", "{941534C1-D9DF-4B77-845C-ED091078847F}"
	ProjectSection(ProjectDependencies) = postProject
		{7C453D2C-00BB-4CDC-9A34-3E4F52A66E13} = {7C453D2C-00BB-4CDC-9A34-3E4F52A66E13}
		{DDD39289-1377-486B-8AA3-122884700431} = {DDD39289-1377-486B-8AA3-122884700431}
		{6EF4B4EC-69D3-4F21-8934-F23F34A52533} = {6EF4B4EC-69D3-4F21-8934-F23F34A52533}
	EndProjectSection
EndProject
Project("{FAE04EC0-301F-11D3-BF4B-00C04F79EFBC}") = "Ilitera.Data", "Ilitera.Data\Ilitera.Data.csproj", "{DDD39289-1377-486B-8AA3-122884700431}"
EndProject
Project("{FAE04EC0-301F-11D3-BF4B-00C04F79EFBC}") = "Ilitera.Cursos.Report", "Ilitera.Cursos.Report\Ilitera.Cursos.Report.csproj", "{0225D2B9-4E1C-47DE-9C74-CB98C4C7125C}"
	ProjectSection(ProjectDependencies) = postProject
		{7C453D2C-00BB-4CDC-9A34-3E4F52A66E13} = {7C453D2C-00BB-4CDC-9A34-3E4F52A66E13}
		{DDD39289-1377-486B-8AA3-122884700431} = {DDD39289-1377-486B-8AA3-122884700431}
		{6EF4B4EC-69D3-4F21-8934-F23F34A52533} = {6EF4B4EC-69D3-4F21-8934-F23F34A52533}
	EndProjectSection
EndProject
Project("{FAE04EC0-301F-11D3-BF4B-00C04F79EFBC}") = "Ilitera.Common", "Ilitera.Common\Ilitera.Common.csproj", "{6EF4B4EC-69D3-4F21-8934-F23F34A52533}"
	ProjectSection(ProjectDependencies) = postProject
		{DDD39289-1377-486B-8AA3-122884700431} = {DDD39289-1377-486B-8AA3-122884700431}
	EndProjectSection
EndProject
Project("{FAE04EC0-301F-11D3-BF4B-00C04F79EFBC}") = "Ilitera.Auditoria.Report", "Ilitera.Auditoria.Report\Ilitera.Auditoria.Report.csproj", "{BA25CFEB-81EE-4330-B50E-AB366DCFAEB3}"
	ProjectSection(ProjectDependencies) = postProject
		{7C453D2C-00BB-4CDC-9A34-3E4F52A66E13} = {7C453D2C-00BB-4CDC-9A34-3E4F52A66E13}
		{DDD39289-1377-486B-8AA3-122884700431} = {DDD39289-1377-486B-8AA3-122884700431}
		{6EF4B4EC-69D3-4F21-8934-F23F34A52533} = {6EF4B4EC-69D3-4F21-8934-F23F34A52533}
	EndProjectSection
EndProject
Project("{FAE04EC0-301F-11D3-BF4B-00C04F79EFBC}") = "Facade", "Facade\Facade\Facade.csproj", "{85BEE3B0-F17E-446C-A297-C7216DADD8F7}"
EndProject
Project("{FAE04EC0-301F-11D3-BF4B-00C04F79EFBC}") = "Entities", "Entities\Entities\Entities.csproj", "{A9BF4411-1F6C-4776-87E5-B57695F0A57F}"
EndProject
Project("{FAE04EC0-301F-11D3-BF4B-00C04F79EFBC}") = "DAL", "Dal\DAL\DAL.csproj", "{C6ECE0A5-3AC2-4F23-8C13-28B5BE97FD26}"
EndProject
Project("{FAE04EC0-301F-11D3-BF4B-00C04F79EFBC}") = "BLL", "Bll\BLL\BLL.csproj", "{6ECD4668-72EB-418A-BD0D-77401EC1F950}"
EndProject
Project("{FAE04EC0-301F-11D3-BF4B-00C04F79EFBC}") = "Ilitera.SPDA.Report", "Ilitera.SPDA.Report\Ilitera.SPDA.Report.csproj", "{B732AA0B-4810-49FA-AC8F-F70F987939A3}"
EndProject
Project("{FAE04EC0-301F-11D3-BF4B-00C04F79EFBC}") = "Ilitera.PPR.Report", "Ilitera.PPR.Report\Ilitera.PPR.Report.csproj", "{831C0A0B-CB41-41EB-B508-E50D8B095787}"
EndProject
Project("{FAE04EC0-301F-11D3-BF4B-00C04F79EFBC}") = "Ilitera.Relatorios.Report", "Ilitera.Relatorios.Report\Ilitera.Relatorios.Report.csproj", "{E52A821D-D59D-4D4C-BFF7-D35F50D05B3A}"
EndProject
Project("{FAE04EC0-301F-11D3-BF4B-00C04F79EFBC}") = "Ilitera.ASO.Report", "Ilitera.ASO.Report\Ilitera.ASO.Report.csproj", "{1AB7FB28-770B-4819-A354-785882B01332}"
EndProject
Global
	GlobalSection(SolutionConfigurationPlatforms) = preSolution
		Debug|Any CPU = Debug|Any CPU
		Debug|x64 = Debug|x64
		Debug|x86 = Debug|x86
		Release|Any CPU = Release|Any CPU
		Release|x64 = Release|x64
		Release|x86 = Release|x86
	EndGlobalSection
	GlobalSection(ProjectConfigurationPlatforms) = postSolution
		{476857C7-A83C-4A5A-9BBC-DF07DFA58723}.Debug|Any CPU.ActiveCfg = Debug|Any CPU
		{476857C7-A83C-4A5A-9BBC-DF07DFA58723}.Debug|Any CPU.Build.0 = Debug|Any CPU
		{476857C7-A83C-4A5A-9BBC-DF07DFA58723}.Debug|x64.ActiveCfg = Debug|x64
		{476857C7-A83C-4A5A-9BBC-DF07DFA58723}.Debug|x64.Build.0 = Debug|x64
		{476857C7-A83C-4A5A-9BBC-DF07DFA58723}.Debug|x86.ActiveCfg = Debug|Any CPU
		{476857C7-A83C-4A5A-9BBC-DF07DFA58723}.Release|Any CPU.ActiveCfg = Release|Any CPU
		{476857C7-A83C-4A5A-9BBC-DF07DFA58723}.Release|Any CPU.Build.0 = Release|Any CPU
		{476857C7-A83C-4A5A-9BBC-DF07DFA58723}.Release|x64.ActiveCfg = Release|x64
		{476857C7-A83C-4A5A-9BBC-DF07DFA58723}.Release|x64.Build.0 = Release|x64
		{476857C7-A83C-4A5A-9BBC-DF07DFA58723}.Release|x86.ActiveCfg = Release|Any CPU
		{BF1B4F3D-4583-4F4B-8341-CE20319FC5A0}.Debug|Any CPU.ActiveCfg = Debug|Any CPU
		{BF1B4F3D-4583-4F4B-8341-CE20319FC5A0}.Debug|Any CPU.Build.0 = Debug|Any CPU
		{BF1B4F3D-4583-4F4B-8341-CE20319FC5A0}.Debug|x64.ActiveCfg = Debug|x64
		{BF1B4F3D-4583-4F4B-8341-CE20319FC5A0}.Debug|x64.Build.0 = Debug|x64
		{BF1B4F3D-4583-4F4B-8341-CE20319FC5A0}.Debug|x86.ActiveCfg = Debug|Any CPU
		{BF1B4F3D-4583-4F4B-8341-CE20319FC5A0}.Release|Any CPU.ActiveCfg = Release|Any CPU
		{BF1B4F3D-4583-4F4B-8341-CE20319FC5A0}.Release|Any CPU.Build.0 = Release|Any CPU
		{BF1B4F3D-4583-4F4B-8341-CE20319FC5A0}.Release|x64.ActiveCfg = Release|x64
		{BF1B4F3D-4583-4F4B-8341-CE20319FC5A0}.Release|x64.Build.0 = Release|x64
		{BF1B4F3D-4583-4F4B-8341-CE20319FC5A0}.Release|x86.ActiveCfg = Release|Any CPU
		{FEA4E9D9-6182-46BC-B6CE-9AAC09B63E1F}.Debug|Any CPU.ActiveCfg = Debug|Any CPU
		{FEA4E9D9-6182-46BC-B6CE-9AAC09B63E1F}.Debug|Any CPU.Build.0 = Debug|Any CPU
		{FEA4E9D9-6182-46BC-B6CE-9AAC09B63E1F}.Debug|x64.ActiveCfg = Debug|x64
		{FEA4E9D9-6182-46BC-B6CE-9AAC09B63E1F}.Debug|x64.Build.0 = Debug|x64
		{FEA4E9D9-6182-46BC-B6CE-9AAC09B63E1F}.Debug|x86.ActiveCfg = Debug|Any CPU
		{FEA4E9D9-6182-46BC-B6CE-9AAC09B63E1F}.Release|Any CPU.ActiveCfg = Release|Any CPU
		{FEA4E9D9-6182-46BC-B6CE-9AAC09B63E1F}.Release|Any CPU.Build.0 = Release|Any CPU
		{FEA4E9D9-6182-46BC-B6CE-9AAC09B63E1F}.Release|x64.ActiveCfg = Release|x64
		{FEA4E9D9-6182-46BC-B6CE-9AAC09B63E1F}.Release|x64.Build.0 = Release|x64
		{FEA4E9D9-6182-46BC-B6CE-9AAC09B63E1F}.Release|x86.ActiveCfg = Release|Any CPU
		{147DB043-FA09-4CB4-A56E-289AD9168FD4}.Debug|Any CPU.ActiveCfg = Debug|Any CPU
		{147DB043-FA09-4CB4-A56E-289AD9168FD4}.Debug|Any CPU.Build.0 = Debug|Any CPU
		{147DB043-FA09-4CB4-A56E-289AD9168FD4}.Debug|x64.ActiveCfg = Debug|x64
		{147DB043-FA09-4CB4-A56E-289AD9168FD4}.Debug|x64.Build.0 = Debug|x64
		{147DB043-FA09-4CB4-A56E-289AD9168FD4}.Debug|x86.ActiveCfg = Debug|Any CPU
		{147DB043-FA09-4CB4-A56E-289AD9168FD4}.Release|Any CPU.ActiveCfg = Release|Any CPU
		{147DB043-FA09-4CB4-A56E-289AD9168FD4}.Release|Any CPU.Build.0 = Release|Any CPU
		{147DB043-FA09-4CB4-A56E-289AD9168FD4}.Release|x64.ActiveCfg = Release|x64
		{147DB043-FA09-4CB4-A56E-289AD9168FD4}.Release|x64.Build.0 = Release|x64
		{147DB043-FA09-4CB4-A56E-289AD9168FD4}.Release|x86.ActiveCfg = Release|Any CPU
		{3255FC8F-09FE-4515-A610-E46C7B024B57}.Debug|Any CPU.ActiveCfg = Debug|Any CPU
		{3255FC8F-09FE-4515-A610-E46C7B024B57}.Debug|Any CPU.Build.0 = Debug|Any CPU
		{3255FC8F-09FE-4515-A610-E46C7B024B57}.Debug|x64.ActiveCfg = Debug|x64
		{3255FC8F-09FE-4515-A610-E46C7B024B57}.Debug|x64.Build.0 = Debug|x64
		{3255FC8F-09FE-4515-A610-E46C7B024B57}.Debug|x86.ActiveCfg = Debug|Any CPU
		{3255FC8F-09FE-4515-A610-E46C7B024B57}.Release|Any CPU.ActiveCfg = Release|Any CPU
		{3255FC8F-09FE-4515-A610-E46C7B024B57}.Release|Any CPU.Build.0 = Release|Any CPU
		{3255FC8F-09FE-4515-A610-E46C7B024B57}.Release|x64.ActiveCfg = Release|x64
		{3255FC8F-09FE-4515-A610-E46C7B024B57}.Release|x64.Build.0 = Release|x64
		{3255FC8F-09FE-4515-A610-E46C7B024B57}.Release|x86.ActiveCfg = Release|Any CPU
		{CD6E7529-FDDA-4BEC-9219-6C75FC078BEF}.Debug|Any CPU.ActiveCfg = Debug|Any CPU
		{CD6E7529-FDDA-4BEC-9219-6C75FC078BEF}.Debug|Any CPU.Build.0 = Debug|Any CPU
		{CD6E7529-FDDA-4BEC-9219-6C75FC078BEF}.Debug|x64.ActiveCfg = Debug|x64
		{CD6E7529-FDDA-4BEC-9219-6C75FC078BEF}.Debug|x64.Build.0 = Debug|x64
		{CD6E7529-FDDA-4BEC-9219-6C75FC078BEF}.Debug|x86.ActiveCfg = Debug|Any CPU
		{CD6E7529-FDDA-4BEC-9219-6C75FC078BEF}.Release|Any CPU.ActiveCfg = Release|Any CPU
		{CD6E7529-FDDA-4BEC-9219-6C75FC078BEF}.Release|Any CPU.Build.0 = Release|Any CPU
		{CD6E7529-FDDA-4BEC-9219-6C75FC078BEF}.Release|x64.ActiveCfg = Release|x64
		{CD6E7529-FDDA-4BEC-9219-6C75FC078BEF}.Release|x64.Build.0 = Release|x64
		{CD6E7529-FDDA-4BEC-9219-6C75FC078BEF}.Release|x86.ActiveCfg = Release|Any CPU
		{7C453D2C-00BB-4CDC-9A34-3E4F52A66E13}.Debug|Any CPU.ActiveCfg = Debug|Any CPU
		{7C453D2C-00BB-4CDC-9A34-3E4F52A66E13}.Debug|Any CPU.Build.0 = Debug|Any CPU
		{7C453D2C-00BB-4CDC-9A34-3E4F52A66E13}.Debug|x64.ActiveCfg = Debug|x64
		{7C453D2C-00BB-4CDC-9A34-3E4F52A66E13}.Debug|x64.Build.0 = Debug|x64
		{7C453D2C-00BB-4CDC-9A34-3E4F52A66E13}.Debug|x86.ActiveCfg = Debug|Any CPU
		{7C453D2C-00BB-4CDC-9A34-3E4F52A66E13}.Release|Any CPU.ActiveCfg = Release|Any CPU
		{7C453D2C-00BB-4CDC-9A34-3E4F52A66E13}.Release|Any CPU.Build.0 = Release|Any CPU
		{7C453D2C-00BB-4CDC-9A34-3E4F52A66E13}.Release|x64.ActiveCfg = Release|x64
		{7C453D2C-00BB-4CDC-9A34-3E4F52A66E13}.Release|x64.Build.0 = Release|x64
		{7C453D2C-00BB-4CDC-9A34-3E4F52A66E13}.Release|x86.ActiveCfg = Release|Any CPU
		{941534C1-D9DF-4B77-845C-ED091078847F}.Debug|Any CPU.ActiveCfg = Debug|Any CPU
		{941534C1-D9DF-4B77-845C-ED091078847F}.Debug|Any CPU.Build.0 = Debug|Any CPU
		{941534C1-D9DF-4B77-845C-ED091078847F}.Debug|x64.ActiveCfg = Debug|x64
		{941534C1-D9DF-4B77-845C-ED091078847F}.Debug|x64.Build.0 = Debug|x64
		{941534C1-D9DF-4B77-845C-ED091078847F}.Debug|x86.ActiveCfg = Debug|Any CPU
		{941534C1-D9DF-4B77-845C-ED091078847F}.Release|Any CPU.ActiveCfg = Release|Any CPU
		{941534C1-D9DF-4B77-845C-ED091078847F}.Release|Any CPU.Build.0 = Release|Any CPU
		{941534C1-D9DF-4B77-845C-ED091078847F}.Release|x64.ActiveCfg = Release|x64
		{941534C1-D9DF-4B77-845C-ED091078847F}.Release|x64.Build.0 = Release|x64
		{941534C1-D9DF-4B77-845C-ED091078847F}.Release|x86.ActiveCfg = Release|Any CPU
		{DDD39289-1377-486B-8AA3-122884700431}.Debug|Any CPU.ActiveCfg = Debug|Any CPU
		{DDD39289-1377-486B-8AA3-122884700431}.Debug|Any CPU.Build.0 = Debug|Any CPU
		{DDD39289-1377-486B-8AA3-122884700431}.Debug|x64.ActiveCfg = Debug|x64
		{DDD39289-1377-486B-8AA3-122884700431}.Debug|x64.Build.0 = Debug|x64
		{DDD39289-1377-486B-8AA3-122884700431}.Debug|x86.ActiveCfg = Debug|Any CPU
		{DDD39289-1377-486B-8AA3-122884700431}.Release|Any CPU.ActiveCfg = Release|Any CPU
		{DDD39289-1377-486B-8AA3-122884700431}.Release|Any CPU.Build.0 = Release|Any CPU
		{DDD39289-1377-486B-8AA3-122884700431}.Release|x64.ActiveCfg = Release|x64
		{DDD39289-1377-486B-8AA3-122884700431}.Release|x64.Build.0 = Release|x64
		{DDD39289-1377-486B-8AA3-122884700431}.Release|x86.ActiveCfg = Release|Any CPU
		{0225D2B9-4E1C-47DE-9C74-CB98C4C7125C}.Debug|Any CPU.ActiveCfg = Debug|Any CPU
		{0225D2B9-4E1C-47DE-9C74-CB98C4C7125C}.Debug|Any CPU.Build.0 = Debug|Any CPU
		{0225D2B9-4E1C-47DE-9C74-CB98C4C7125C}.Debug|x64.ActiveCfg = Debug|x64
		{0225D2B9-4E1C-47DE-9C74-CB98C4C7125C}.Debug|x64.Build.0 = Debug|x64
		{0225D2B9-4E1C-47DE-9C74-CB98C4C7125C}.Debug|x86.ActiveCfg = Debug|Any CPU
		{0225D2B9-4E1C-47DE-9C74-CB98C4C7125C}.Release|Any CPU.ActiveCfg = Release|Any CPU
		{0225D2B9-4E1C-47DE-9C74-CB98C4C7125C}.Release|Any CPU.Build.0 = Release|Any CPU
		{0225D2B9-4E1C-47DE-9C74-CB98C4C7125C}.Release|x64.ActiveCfg = Release|x64
		{0225D2B9-4E1C-47DE-9C74-CB98C4C7125C}.Release|x64.Build.0 = Release|x64
		{0225D2B9-4E1C-47DE-9C74-CB98C4C7125C}.Release|x86.ActiveCfg = Release|Any CPU
		{6EF4B4EC-69D3-4F21-8934-F23F34A52533}.Debug|Any CPU.ActiveCfg = Debug|Any CPU
		{6EF4B4EC-69D3-4F21-8934-F23F34A52533}.Debug|Any CPU.Build.0 = Debug|Any CPU
		{6EF4B4EC-69D3-4F21-8934-F23F34A52533}.Debug|x64.ActiveCfg = Debug|x64
		{6EF4B4EC-69D3-4F21-8934-F23F34A52533}.Debug|x64.Build.0 = Debug|x64
		{6EF4B4EC-69D3-4F21-8934-F23F34A52533}.Debug|x86.ActiveCfg = Debug|Any CPU
		{6EF4B4EC-69D3-4F21-8934-F23F34A52533}.Release|Any CPU.ActiveCfg = Release|Any CPU
		{6EF4B4EC-69D3-4F21-8934-F23F34A52533}.Release|Any CPU.Build.0 = Release|Any CPU
		{6EF4B4EC-69D3-4F21-8934-F23F34A52533}.Release|x64.ActiveCfg = Release|x64
		{6EF4B4EC-69D3-4F21-8934-F23F34A52533}.Release|x64.Build.0 = Release|x64
		{6EF4B4EC-69D3-4F21-8934-F23F34A52533}.Release|x86.ActiveCfg = Release|Any CPU
		{BA25CFEB-81EE-4330-B50E-AB366DCFAEB3}.Debug|Any CPU.ActiveCfg = Debug|Any CPU
		{BA25CFEB-81EE-4330-B50E-AB366DCFAEB3}.Debug|Any CPU.Build.0 = Debug|Any CPU
		{BA25CFEB-81EE-4330-B50E-AB366DCFAEB3}.Debug|x64.ActiveCfg = Debug|x64
		{BA25CFEB-81EE-4330-B50E-AB366DCFAEB3}.Debug|x64.Build.0 = Debug|x64
		{BA25CFEB-81EE-4330-B50E-AB366DCFAEB3}.Debug|x86.ActiveCfg = Debug|Any CPU
		{BA25CFEB-81EE-4330-B50E-AB366DCFAEB3}.Release|Any CPU.ActiveCfg = Release|Any CPU
		{BA25CFEB-81EE-4330-B50E-AB366DCFAEB3}.Release|Any CPU.Build.0 = Release|Any CPU
		{BA25CFEB-81EE-4330-B50E-AB366DCFAEB3}.Release|x64.ActiveCfg = Release|x64
		{BA25CFEB-81EE-4330-B50E-AB366DCFAEB3}.Release|x64.Build.0 = Release|x64
		{BA25CFEB-81EE-4330-B50E-AB366DCFAEB3}.Release|x86.ActiveCfg = Release|Any CPU
		{85BEE3B0-F17E-446C-A297-C7216DADD8F7}.Debug|Any CPU.ActiveCfg = Debug|Any CPU
		{85BEE3B0-F17E-446C-A297-C7216DADD8F7}.Debug|Any CPU.Build.0 = Debug|Any CPU
		{85BEE3B0-F17E-446C-A297-C7216DADD8F7}.Debug|x64.ActiveCfg = Debug|x64
		{85BEE3B0-F17E-446C-A297-C7216DADD8F7}.Debug|x64.Build.0 = Debug|x64
		{85BEE3B0-F17E-446C-A297-C7216DADD8F7}.Debug|x86.ActiveCfg = Debug|Any CPU
		{85BEE3B0-F17E-446C-A297-C7216DADD8F7}.Release|Any CPU.ActiveCfg = Release|Any CPU
		{85BEE3B0-F17E-446C-A297-C7216DADD8F7}.Release|Any CPU.Build.0 = Release|Any CPU
		{85BEE3B0-F17E-446C-A297-C7216DADD8F7}.Release|x64.ActiveCfg = Release|x64
		{85BEE3B0-F17E-446C-A297-C7216DADD8F7}.Release|x64.Build.0 = Release|x64
		{85BEE3B0-F17E-446C-A297-C7216DADD8F7}.Release|x86.ActiveCfg = Release|Any CPU
		{A9BF4411-1F6C-4776-87E5-B57695F0A57F}.Debug|Any CPU.ActiveCfg = Debug|Any CPU
		{A9BF4411-1F6C-4776-87E5-B57695F0A57F}.Debug|Any CPU.Build.0 = Debug|Any CPU
		{A9BF4411-1F6C-4776-87E5-B57695F0A57F}.Debug|x64.ActiveCfg = Debug|x64
		{A9BF4411-1F6C-4776-87E5-B57695F0A57F}.Debug|x64.Build.0 = Debug|x64
		{A9BF4411-1F6C-4776-87E5-B57695F0A57F}.Debug|x86.ActiveCfg = Debug|Any CPU
		{A9BF4411-1F6C-4776-87E5-B57695F0A57F}.Release|Any CPU.ActiveCfg = Release|Any CPU
		{A9BF4411-1F6C-4776-87E5-B57695F0A57F}.Release|Any CPU.Build.0 = Release|Any CPU
		{A9BF4411-1F6C-4776-87E5-B57695F0A57F}.Release|x64.ActiveCfg = Release|x64
		{A9BF4411-1F6C-4776-87E5-B57695F0A57F}.Release|x64.Build.0 = Release|x64
		{A9BF4411-1F6C-4776-87E5-B57695F0A57F}.Release|x86.ActiveCfg = Release|Any CPU
		{C6ECE0A5-3AC2-4F23-8C13-28B5BE97FD26}.Debug|Any CPU.ActiveCfg = Debug|Any CPU
		{C6ECE0A5-3AC2-4F23-8C13-28B5BE97FD26}.Debug|Any CPU.Build.0 = Debug|Any CPU
		{C6ECE0A5-3AC2-4F23-8C13-28B5BE97FD26}.Debug|x64.ActiveCfg = Debug|x64
		{C6ECE0A5-3AC2-4F23-8C13-28B5BE97FD26}.Debug|x64.Build.0 = Debug|x64
		{C6ECE0A5-3AC2-4F23-8C13-28B5BE97FD26}.Debug|x86.ActiveCfg = Debug|Any CPU
		{C6ECE0A5-3AC2-4F23-8C13-28B5BE97FD26}.Release|Any CPU.ActiveCfg = Release|Any CPU
		{C6ECE0A5-3AC2-4F23-8C13-28B5BE97FD26}.Release|Any CPU.Build.0 = Release|Any CPU
		{C6ECE0A5-3AC2-4F23-8C13-28B5BE97FD26}.Release|x64.ActiveCfg = Release|x64
		{C6ECE0A5-3AC2-4F23-8C13-28B5BE97FD26}.Release|x64.Build.0 = Release|x64
		{C6ECE0A5-3AC2-4F23-8C13-28B5BE97FD26}.Release|x86.ActiveCfg = Release|Any CPU
		{6ECD4668-72EB-418A-BD0D-77401EC1F950}.Debug|Any CPU.ActiveCfg = Debug|Any CPU
		{6ECD4668-72EB-418A-BD0D-77401EC1F950}.Debug|Any CPU.Build.0 = Debug|Any CPU
		{6ECD4668-72EB-418A-BD0D-77401EC1F950}.Debug|x64.ActiveCfg = Debug|x64
		{6ECD4668-72EB-418A-BD0D-77401EC1F950}.Debug|x64.Build.0 = Debug|x64
		{6ECD4668-72EB-418A-BD0D-77401EC1F950}.Debug|x64.Deploy.0 = Debug|x64
		{6ECD4668-72EB-418A-BD0D-77401EC1F950}.Debug|x86.ActiveCfg = Debug|x86
		{6ECD4668-72EB-418A-BD0D-77401EC1F950}.Debug|x86.Build.0 = Debug|x86
		{6ECD4668-72EB-418A-BD0D-77401EC1F950}.Release|Any CPU.ActiveCfg = Release|Any CPU
		{6ECD4668-72EB-418A-BD0D-77401EC1F950}.Release|Any CPU.Build.0 = Release|Any CPU
		{6ECD4668-72EB-418A-BD0D-77401EC1F950}.Release|x64.ActiveCfg = Release|x64
		{6ECD4668-72EB-418A-BD0D-77401EC1F950}.Release|x64.Build.0 = Release|x64
		{6ECD4668-72EB-418A-BD0D-77401EC1F950}.Release|x86.ActiveCfg = Release|x86
		{6ECD4668-72EB-418A-BD0D-77401EC1F950}.Release|x86.Build.0 = Release|x86
		{B732AA0B-4810-49FA-AC8F-F70F987939A3}.Debug|Any CPU.ActiveCfg = Debug|Any CPU
		{B732AA0B-4810-49FA-AC8F-F70F987939A3}.Debug|Any CPU.Build.0 = Debug|Any CPU
		{B732AA0B-4810-49FA-AC8F-F70F987939A3}.Debug|x64.ActiveCfg = Debug|x64
		{B732AA0B-4810-49FA-AC8F-F70F987939A3}.Debug|x64.Build.0 = Debug|x64
		{B732AA0B-4810-49FA-AC8F-F70F987939A3}.Debug|x86.ActiveCfg = Debug|Any CPU
		{B732AA0B-4810-49FA-AC8F-F70F987939A3}.Debug|x86.Build.0 = Debug|Any CPU
		{B732AA0B-4810-49FA-AC8F-F70F987939A3}.Release|Any CPU.ActiveCfg = Release|Any CPU
		{B732AA0B-4810-49FA-AC8F-F70F987939A3}.Release|Any CPU.Build.0 = Release|Any CPU
		{B732AA0B-4810-49FA-AC8F-F70F987939A3}.Release|x64.ActiveCfg = Release|x64
		{B732AA0B-4810-49FA-AC8F-F70F987939A3}.Release|x64.Build.0 = Release|x64
		{B732AA0B-4810-49FA-AC8F-F70F987939A3}.Release|x86.ActiveCfg = Release|Any CPU
		{B732AA0B-4810-49FA-AC8F-F70F987939A3}.Release|x86.Build.0 = Release|Any CPU
		{831C0A0B-CB41-41EB-B508-E50D8B095787}.Debug|Any CPU.ActiveCfg = Debug|Any CPU
		{831C0A0B-CB41-41EB-B508-E50D8B095787}.Debug|Any CPU.Build.0 = Debug|Any CPU
		{831C0A0B-CB41-41EB-B508-E50D8B095787}.Debug|x64.ActiveCfg = Debug|Any CPU
		{831C0A0B-CB41-41EB-B508-E50D8B095787}.Debug|x64.Build.0 = Debug|Any CPU
		{831C0A0B-CB41-41EB-B508-E50D8B095787}.Debug|x86.ActiveCfg = Debug|Any CPU
		{831C0A0B-CB41-41EB-B508-E50D8B095787}.Debug|x86.Build.0 = Debug|Any CPU
		{831C0A0B-CB41-41EB-B508-E50D8B095787}.Release|Any CPU.ActiveCfg = Release|Any CPU
		{831C0A0B-CB41-41EB-B508-E50D8B095787}.Release|Any CPU.Build.0 = Release|Any CPU
		{831C0A0B-CB41-41EB-B508-E50D8B095787}.Release|x64.ActiveCfg = Release|Any CPU
		{831C0A0B-CB41-41EB-B508-E50D8B095787}.Release|x64.Build.0 = Release|Any CPU
		{831C0A0B-CB41-41EB-B508-E50D8B095787}.Release|x86.ActiveCfg = Release|Any CPU
		{831C0A0B-CB41-41EB-B508-E50D8B095787}.Release|x86.Build.0 = Release|Any CPU
		{E52A821D-D59D-4D4C-BFF7-D35F50D05B3A}.Debug|Any CPU.ActiveCfg = Debug|Any CPU
		{E52A821D-D59D-4D4C-BFF7-D35F50D05B3A}.Debug|Any CPU.Build.0 = Debug|Any CPU
		{E52A821D-D59D-4D4C-BFF7-D35F50D05B3A}.Debug|x64.ActiveCfg = Debug|Any CPU
		{E52A821D-D59D-4D4C-BFF7-D35F50D05B3A}.Debug|x64.Build.0 = Debug|Any CPU
		{E52A821D-D59D-4D4C-BFF7-D35F50D05B3A}.Debug|x86.ActiveCfg = Debug|Any CPU
		{E52A821D-D59D-4D4C-BFF7-D35F50D05B3A}.Debug|x86.Build.0 = Debug|Any CPU
		{E52A821D-D59D-4D4C-BFF7-D35F50D05B3A}.Release|Any CPU.ActiveCfg = Release|Any CPU
		{E52A821D-D59D-4D4C-BFF7-D35F50D05B3A}.Release|Any CPU.Build.0 = Release|Any CPU
		{E52A821D-D59D-4D4C-BFF7-D35F50D05B3A}.Release|x64.ActiveCfg = Release|Any CPU
		{E52A821D-D59D-4D4C-BFF7-D35F50D05B3A}.Release|x64.Build.0 = Release|Any CPU
		{E52A821D-D59D-4D4C-BFF7-D35F50D05B3A}.Release|x86.ActiveCfg = Release|Any CPU
		{E52A821D-D59D-4D4C-BFF7-D35F50D05B3A}.Release|x86.Build.0 = Release|Any CPU
		{1AB7FB28-770B-4819-A354-785882B01332}.Debug|Any CPU.ActiveCfg = Debug|Any CPU
		{1AB7FB28-770B-4819-A354-785882B01332}.Debug|Any CPU.Build.0 = Debug|Any CPU
		{1AB7FB28-770B-4819-A354-785882B01332}.Debug|x64.ActiveCfg = Debug|Any CPU
		{1AB7FB28-770B-4819-A354-785882B01332}.Debug|x64.Build.0 = Debug|Any CPU
		{1AB7FB28-770B-4819-A354-785882B01332}.Debug|x86.ActiveCfg = Debug|Any CPU
		{1AB7FB28-770B-4819-A354-785882B01332}.Debug|x86.Build.0 = Debug|Any CPU
		{1AB7FB28-770B-4819-A354-785882B01332}.Release|Any CPU.ActiveCfg = Release|Any CPU
		{1AB7FB28-770B-4819-A354-785882B01332}.Release|Any CPU.Build.0 = Release|Any CPU
		{1AB7FB28-770B-4819-A354-785882B01332}.Release|x64.ActiveCfg = Release|Any CPU
		{1AB7FB28-770B-4819-A354-785882B01332}.Release|x64.Build.0 = Release|Any CPU
		{1AB7FB28-770B-4819-A354-785882B01332}.Release|x86.ActiveCfg = Release|Any CPU
		{1AB7FB28-770B-4819-A354-785882B01332}.Release|x86.Build.0 = Release|Any CPU
	EndGlobalSection
	GlobalSection(SolutionProperties) = preSolution
		HideSolutionNode = FALSE
	EndGlobalSection
EndGlobal
