
Microsoft Visual Studio Solution File, Format Version 11.00
# Visual Studio 2010
Project("{FAE04EC0-301F-11D3-BF4B-00C04F79EFBC}") = "Ilitera.Common", "Ilitera.Common.csproj", "{6EF4B4EC-69D3-4F21-8934-F23F34A52533}"
EndProject
Global
	GlobalSection(SolutionConfigurationPlatforms) = preSolution
		Debug|Any CPU = Debug|Any CPU
		Release|Any CPU = Release|Any CPU
	EndGlobalSection
	GlobalSection(ProjectConfigurationPlatforms) = postSolution
		{6EF4B4EC-69D3-4F21-8934-F23F34A52533}.Debug|Any CPU.ActiveCfg = Debug|Any CPU
		{6EF4B4EC-69D3-4F21-8934-F23F34A52533}.Debug|Any CPU.Build.0 = Debug|Any CPU
		{6EF4B4EC-69D3-4F21-8934-F23F34A52533}.Release|Any CPU.ActiveCfg = Release|Any CPU
		{6EF4B4EC-69D3-4F21-8934-F23F34A52533}.Release|Any CPU.Build.0 = Release|Any CPU
	EndGlobalSection
	GlobalSection(SolutionProperties) = preSolution
		HideSolutionNode = FALSE
	EndGlobalSection
EndGlobal
