
Microsoft Visual Studio Solution File, Format Version 11.00
# Visual Studio 2010
Project("{FAE04EC0-301F-11D3-BF4B-00C04F79EFBC}") = "Ilitera.Auditoria.Report", "Ilitera.Auditoria.Report.csproj", "{BA25CFEB-81EE-4330-B50E-AB366DCFAEB3}"
EndProject
Global
	GlobalSection(SolutionConfigurationPlatforms) = preSolution
		Debug|Any CPU = Debug|Any CPU
		Release|Any CPU = Release|Any CPU
	EndGlobalSection
	GlobalSection(ProjectConfigurationPlatforms) = postSolution
		{BA25CFEB-81EE-4330-B50E-AB366DCFAEB3}.Debug|Any CPU.ActiveCfg = Debug|Any CPU
		{BA25CFEB-81EE-4330-B50E-AB366DCFAEB3}.Debug|Any CPU.Build.0 = Debug|Any CPU
		{BA25CFEB-81EE-4330-B50E-AB366DCFAEB3}.Release|Any CPU.ActiveCfg = Release|Any CPU
		{BA25CFEB-81EE-4330-B50E-AB366DCFAEB3}.Release|Any CPU.Build.0 = Release|Any CPU
	EndGlobalSection
	GlobalSection(SolutionProperties) = preSolution
		HideSolutionNode = FALSE
	EndGlobalSection
EndGlobal
